
Microsoft Visual Studio Solution File, Format Version 12.00
# Visual Studio Version 16
VisualStudioVersion = 16.0.31911.196
MinimumVisualStudioVersion = 10.0.40219.1
Project("{FAE04EC0-301F-11D3-BF4B-00C04F79EFBC}") = "proyecto13.2", "proyecto13.2\proyecto13.2.csproj", "{4BE67081-2DF3-4FB0-88D1-F16428AC415D}"
EndProject
Global
	GlobalSection(SolutionConfigurationPlatforms) = preSolution
		Debug|Any CPU = Debug|Any CPU
		Release|Any CPU = Release|Any CPU
	EndGlobalSection
	GlobalSection(ProjectConfigurationPlatforms) = postSolution
		{4BE67081-2DF3-4FB0-88D1-F16428AC415D}.Debug|Any CPU.ActiveCfg = Debug|Any CPU
		{4BE67081-2DF3-4FB0-88D1-F16428AC415D}.Debug|Any CPU.Build.0 = Debug|Any CPU
		{4BE67081-2DF3-4FB0-88D1-F16428AC415D}.Release|Any CPU.ActiveCfg = Release|Any CPU
		{4BE67081-2DF3-4FB0-88D1-F16428AC415D}.Release|Any CPU.Build.0 = Release|Any CPU
	EndGlobalSection
	GlobalSection(SolutionProperties) = preSolution
		HideSolutionNode = FALSE
	EndGlobalSection
	GlobalSection(ExtensibilityGlobals) = postSolution
		SolutionGuid = {B9E11E14-55A8-4999-AAAB-C3C08C01A2FE}
	EndGlobalSection
EndGlobal
